
Microsoft Visual Studio Solution File, Format Version 12.00
# Visual Studio Version 16
VisualStudioVersion = 16.0.29509.3
MinimumVisualStudioVersion = 10.0.40219.1
Project("{2150E333-8FDC-42A3-9474-1A3956D46DE8}") = "Dll", "Dll", "{8FCD9536-1509-4973-9804-C8D2B89EBB46}"
EndProject
Project("{2150E333-8FDC-42A3-9474-1A3956D46DE8}") = "Sys", "Sys", "{536B1D20-E5BE-4196-A1C3-24D2315D2B8F}"
EndProject
Project("{2150E333-8FDC-42A3-9474-1A3956D46DE8}") = "Managed", "Managed", "{992EAF5E-4D3D-4CF4-B4FA-2425A888EC56}"
EndProject
Project("{2150E333-8FDC-42A3-9474-1A3956D46DE8}") = "Native", "Native", "{5B76DBAE-6636-41F9-A983-E3214D6C9398}"
EndProject
Project("{8BC9CEB8-8B4A-11D0-8D11-00A0C91BC942}") = "KeyboardEmuAPI", "Dll\Native\KeyboardEmuAPI\KeyboardEmuAPI.vcxproj", "{BBC0705F-1645-47FB-B7CC-3892391FA54E}"
EndProject
Project("{9A19103F-16F7-4668-BE54-9A1E7A4F7556}") = "KeyboardEmuAPI", "Dll\Managed\KeyboardEmuAPI\KeyboardEmuAPI.csproj", "{9E0AD7AC-CBB7-4A12-A2E7-5EBD1D10DC6D}"
EndProject
Project("{8BC9CEB8-8B4A-11D0-8D11-00A0C91BC942}") = "KeyboardEmulator", "Sys\KeyboardEmulator\KeyboardEmulator.vcxproj", "{7227DB35-883A-4EF0-B083-1698CFEF85A3}"
EndProject
Project("{2150E333-8FDC-42A3-9474-1A3956D46DE8}") = "Exe", "Exe", "{9A21FA52-834F-4F06-AFB7-A3F7432A7753}"
EndProject
Project("{8BC9CEB8-8B4A-11D0-8D11-00A0C91BC942}") = "KeyboardEmuTest", "exe\Native\KbdEmuTest\KbdEmuTest.vcxproj", "{CB35D9AC-AD35-4381-ADA4-84378289F086}"
EndProject
Project("{FAE04EC0-301F-11D3-BF4B-00C04F79EFBC}") = "KbdEmuTest", "exe\Managed\KbdEmuTest\KbdEmuTest.csproj", "{02FB6C3B-97FC-4019-B873-3AA0F0FC5D6F}"
EndProject
Project("{8BC9CEB8-8B4A-11D0-8D11-00A0C91BC942}") = "MouseEmulator", "Sys\MouseEmulator\MouseEmulator.vcxproj", "{BFE30B7B-C927-497D-8CB3-BC19CF3ACBD3}"
EndProject
Project("{2150E333-8FDC-42A3-9474-1A3956D46DE8}") = "Managed", "Managed", "{9B77ACE7-03F9-49B1-A935-9B6946CECCE3}"
EndProject
Project("{2150E333-8FDC-42A3-9474-1A3956D46DE8}") = "Native", "Native", "{1CB5828D-8A47-45EC-AFEC-F95B2E7A485C}"
EndProject
Project("{9A19103F-16F7-4668-BE54-9A1E7A4F7556}") = "MouseEmuAPI", "Dll\Managed\MouseEmuAPI\MouseEmuAPI.csproj", "{E5251AF7-4861-4222-8F91-3B3DDB35DB0F}"
EndProject
Project("{FAE04EC0-301F-11D3-BF4B-00C04F79EFBC}") = "MouseEmuTest", "exe\Managed\MouseEmuTest\MouseEmuTest.csproj", "{4DBD27B1-F73B-4DA9-B17E-0C3211B09F28}"
EndProject
Project("{8BC9CEB8-8B4A-11D0-8D11-00A0C91BC942}") = "MouseEmuAPI", "Dll\Native\MouseEmuAPI\MouseEmuAPI.vcxproj", "{B411DB85-F4F6-4B24-BB78-FF4C841A4672}"
EndProject
Project("{8BC9CEB8-8B4A-11D0-8D11-00A0C91BC942}") = "MouseEMUTest", "exe\Native\MouseEMUTest\MouseEMUTest.vcxproj", "{E7053B94-0383-4991-90AE-1100C3F361E4}"
EndProject
Project("{FAE04EC0-301F-11D3-BF4B-00C04F79EFBC}") = "Installer", "exe\Managed\Installer\Installer.csproj", "{F4E1893E-8EA8-41D8-83CC-12B32FBA80C7}"
EndProject
Project("{2150E333-8FDC-42A3-9474-1A3956D46DE8}") = "Solution Items", "Solution Items", "{30F3B166-F4CB-463F-833B-DFDD6F33960F}"
	ProjectSection(SolutionItems) = preProject
		License.txt = License.txt
		README.md = README.md
	EndProjectSection
EndProject
Global
	GlobalSection(SolutionConfigurationPlatforms) = preSolution
		Debug|Any CPU = Debug|Any CPU
		Debug|ARM = Debug|ARM
		Debug|ARM64 = Debug|ARM64
		Debug|x64 = Debug|x64
		Debug|x86 = Debug|x86
		Release|Any CPU = Release|Any CPU
		Release|ARM = Release|ARM
		Release|ARM64 = Release|ARM64
		Release|x64 = Release|x64
		Release|x86 = Release|x86
	EndGlobalSection
	GlobalSection(ProjectConfigurationPlatforms) = postSolution
		{BBC0705F-1645-47FB-B7CC-3892391FA54E}.Debug|Any CPU.ActiveCfg = Debug|Win32
		{BBC0705F-1645-47FB-B7CC-3892391FA54E}.Debug|ARM.ActiveCfg = Debug|Win32
		{BBC0705F-1645-47FB-B7CC-3892391FA54E}.Debug|ARM64.ActiveCfg = Debug|Win32
		{BBC0705F-1645-47FB-B7CC-3892391FA54E}.Debug|x64.ActiveCfg = Debug|x64
		{BBC0705F-1645-47FB-B7CC-3892391FA54E}.Debug|x64.Build.0 = Debug|x64
		{BBC0705F-1645-47FB-B7CC-3892391FA54E}.Debug|x86.ActiveCfg = Debug|Win32
		{BBC0705F-1645-47FB-B7CC-3892391FA54E}.Debug|x86.Build.0 = Debug|Win32
		{BBC0705F-1645-47FB-B7CC-3892391FA54E}.Release|Any CPU.ActiveCfg = Release|Win32
		{BBC0705F-1645-47FB-B7CC-3892391FA54E}.Release|ARM.ActiveCfg = Release|Win32
		{BBC0705F-1645-47FB-B7CC-3892391FA54E}.Release|ARM64.ActiveCfg = Release|Win32
		{BBC0705F-1645-47FB-B7CC-3892391FA54E}.Release|x64.ActiveCfg = Release|x64
		{BBC0705F-1645-47FB-B7CC-3892391FA54E}.Release|x64.Build.0 = Release|x64
		{BBC0705F-1645-47FB-B7CC-3892391FA54E}.Release|x86.ActiveCfg = Release|Win32
		{BBC0705F-1645-47FB-B7CC-3892391FA54E}.Release|x86.Build.0 = Release|Win32
		{9E0AD7AC-CBB7-4A12-A2E7-5EBD1D10DC6D}.Debug|Any CPU.ActiveCfg = Debug|Any CPU
		{9E0AD7AC-CBB7-4A12-A2E7-5EBD1D10DC6D}.Debug|Any CPU.Build.0 = Debug|Any CPU
		{9E0AD7AC-CBB7-4A12-A2E7-5EBD1D10DC6D}.Debug|ARM.ActiveCfg = Debug|Any CPU
		{9E0AD7AC-CBB7-4A12-A2E7-5EBD1D10DC6D}.Debug|ARM.Build.0 = Debug|Any CPU
		{9E0AD7AC-CBB7-4A12-A2E7-5EBD1D10DC6D}.Debug|ARM64.ActiveCfg = Debug|Any CPU
		{9E0AD7AC-CBB7-4A12-A2E7-5EBD1D10DC6D}.Debug|ARM64.Build.0 = Debug|Any CPU
		{9E0AD7AC-CBB7-4A12-A2E7-5EBD1D10DC6D}.Debug|x64.ActiveCfg = Debug|Any CPU
		{9E0AD7AC-CBB7-4A12-A2E7-5EBD1D10DC6D}.Debug|x64.Build.0 = Debug|Any CPU
		{9E0AD7AC-CBB7-4A12-A2E7-5EBD1D10DC6D}.Debug|x86.ActiveCfg = Debug|Any CPU
		{9E0AD7AC-CBB7-4A12-A2E7-5EBD1D10DC6D}.Debug|x86.Build.0 = Debug|Any CPU
		{9E0AD7AC-CBB7-4A12-A2E7-5EBD1D10DC6D}.Release|Any CPU.ActiveCfg = Release|Any CPU
		{9E0AD7AC-CBB7-4A12-A2E7-5EBD1D10DC6D}.Release|Any CPU.Build.0 = Release|Any CPU
		{9E0AD7AC-CBB7-4A12-A2E7-5EBD1D10DC6D}.Release|ARM.ActiveCfg = Release|Any CPU
		{9E0AD7AC-CBB7-4A12-A2E7-5EBD1D10DC6D}.Release|ARM.Build.0 = Release|Any CPU
		{9E0AD7AC-CBB7-4A12-A2E7-5EBD1D10DC6D}.Release|ARM64.ActiveCfg = Release|Any CPU
		{9E0AD7AC-CBB7-4A12-A2E7-5EBD1D10DC6D}.Release|ARM64.Build.0 = Release|Any CPU
		{9E0AD7AC-CBB7-4A12-A2E7-5EBD1D10DC6D}.Release|x64.ActiveCfg = Release|Any CPU
		{9E0AD7AC-CBB7-4A12-A2E7-5EBD1D10DC6D}.Release|x64.Build.0 = Release|Any CPU
		{9E0AD7AC-CBB7-4A12-A2E7-5EBD1D10DC6D}.Release|x86.ActiveCfg = Release|Any CPU
		{9E0AD7AC-CBB7-4A12-A2E7-5EBD1D10DC6D}.Release|x86.Build.0 = Release|Any CPU
		{7227DB35-883A-4EF0-B083-1698CFEF85A3}.Debug|Any CPU.ActiveCfg = Debug|Win32
		{7227DB35-883A-4EF0-B083-1698CFEF85A3}.Debug|ARM.ActiveCfg = Debug|Win32
		{7227DB35-883A-4EF0-B083-1698CFEF85A3}.Debug|ARM64.ActiveCfg = Debug|Win32
		{7227DB35-883A-4EF0-B083-1698CFEF85A3}.Debug|x64.ActiveCfg = Debug|x64
		{7227DB35-883A-4EF0-B083-1698CFEF85A3}.Debug|x64.Build.0 = Debug|x64
		{7227DB35-883A-4EF0-B083-1698CFEF85A3}.Debug|x64.Deploy.0 = Debug|x64
		{7227DB35-883A-4EF0-B083-1698CFEF85A3}.Debug|x86.ActiveCfg = Debug|Win32
		{7227DB35-883A-4EF0-B083-1698CFEF85A3}.Debug|x86.Build.0 = Debug|Win32
		{7227DB35-883A-4EF0-B083-1698CFEF85A3}.Debug|x86.Deploy.0 = Debug|Win32
		{7227DB35-883A-4EF0-B083-1698CFEF85A3}.Release|Any CPU.ActiveCfg = Release|Win32
		{7227DB35-883A-4EF0-B083-1698CFEF85A3}.Release|ARM.ActiveCfg = Release|Win32
		{7227DB35-883A-4EF0-B083-1698CFEF85A3}.Release|ARM64.ActiveCfg = Release|Win32
		{7227DB35-883A-4EF0-B083-1698CFEF85A3}.Release|x64.ActiveCfg = Release|x64
		{7227DB35-883A-4EF0-B083-1698CFEF85A3}.Release|x64.Build.0 = Release|x64
		{7227DB35-883A-4EF0-B083-1698CFEF85A3}.Release|x64.Deploy.0 = Release|x64
		{7227DB35-883A-4EF0-B083-1698CFEF85A3}.Release|x86.ActiveCfg = Release|Win32
		{7227DB35-883A-4EF0-B083-1698CFEF85A3}.Release|x86.Build.0 = Release|Win32
		{7227DB35-883A-4EF0-B083-1698CFEF85A3}.Release|x86.Deploy.0 = Release|Win32
		{CB35D9AC-AD35-4381-ADA4-84378289F086}.Debug|Any CPU.ActiveCfg = Debug|Win32
		{CB35D9AC-AD35-4381-ADA4-84378289F086}.Debug|ARM.ActiveCfg = Debug|Win32
		{CB35D9AC-AD35-4381-ADA4-84378289F086}.Debug|ARM64.ActiveCfg = Debug|Win32
		{CB35D9AC-AD35-4381-ADA4-84378289F086}.Debug|x64.ActiveCfg = Debug|x64
		{CB35D9AC-AD35-4381-ADA4-84378289F086}.Debug|x64.Build.0 = Debug|x64
		{CB35D9AC-AD35-4381-ADA4-84378289F086}.Debug|x86.ActiveCfg = Debug|Win32
		{CB35D9AC-AD35-4381-ADA4-84378289F086}.Debug|x86.Build.0 = Debug|Win32
		{CB35D9AC-AD35-4381-ADA4-84378289F086}.Release|Any CPU.ActiveCfg = Release|Win32
		{CB35D9AC-AD35-4381-ADA4-84378289F086}.Release|ARM.ActiveCfg = Release|Win32
		{CB35D9AC-AD35-4381-ADA4-84378289F086}.Release|ARM64.ActiveCfg = Release|Win32
		{CB35D9AC-AD35-4381-ADA4-84378289F086}.Release|x64.ActiveCfg = Release|x64
		{CB35D9AC-AD35-4381-ADA4-84378289F086}.Release|x64.Build.0 = Release|x64
		{CB35D9AC-AD35-4381-ADA4-84378289F086}.Release|x86.ActiveCfg = Release|Win32
		{CB35D9AC-AD35-4381-ADA4-84378289F086}.Release|x86.Build.0 = Release|Win32
		{02FB6C3B-97FC-4019-B873-3AA0F0FC5D6F}.Debug|Any CPU.ActiveCfg = Debug|Any CPU
		{02FB6C3B-97FC-4019-B873-3AA0F0FC5D6F}.Debug|Any CPU.Build.0 = Debug|Any CPU
		{02FB6C3B-97FC-4019-B873-3AA0F0FC5D6F}.Debug|ARM.ActiveCfg = Debug|Any CPU
		{02FB6C3B-97FC-4019-B873-3AA0F0FC5D6F}.Debug|ARM.Build.0 = Debug|Any CPU
		{02FB6C3B-97FC-4019-B873-3AA0F0FC5D6F}.Debug|ARM64.ActiveCfg = Debug|Any CPU
		{02FB6C3B-97FC-4019-B873-3AA0F0FC5D6F}.Debug|ARM64.Build.0 = Debug|Any CPU
		{02FB6C3B-97FC-4019-B873-3AA0F0FC5D6F}.Debug|x64.ActiveCfg = Debug|Any CPU
		{02FB6C3B-97FC-4019-B873-3AA0F0FC5D6F}.Debug|x64.Build.0 = Debug|Any CPU
		{02FB6C3B-97FC-4019-B873-3AA0F0FC5D6F}.Debug|x86.ActiveCfg = Debug|Any CPU
		{02FB6C3B-97FC-4019-B873-3AA0F0FC5D6F}.Debug|x86.Build.0 = Debug|Any CPU
		{02FB6C3B-97FC-4019-B873-3AA0F0FC5D6F}.Release|Any CPU.ActiveCfg = Release|Any CPU
		{02FB6C3B-97FC-4019-B873-3AA0F0FC5D6F}.Release|Any CPU.Build.0 = Release|Any CPU
		{02FB6C3B-97FC-4019-B873-3AA0F0FC5D6F}.Release|ARM.ActiveCfg = Release|Any CPU
		{02FB6C3B-97FC-4019-B873-3AA0F0FC5D6F}.Release|ARM.Build.0 = Release|Any CPU
		{02FB6C3B-97FC-4019-B873-3AA0F0FC5D6F}.Release|ARM64.ActiveCfg = Release|Any CPU
		{02FB6C3B-97FC-4019-B873-3AA0F0FC5D6F}.Release|ARM64.Build.0 = Release|Any CPU
		{02FB6C3B-97FC-4019-B873-3AA0F0FC5D6F}.Release|x64.ActiveCfg = Release|Any CPU
		{02FB6C3B-97FC-4019-B873-3AA0F0FC5D6F}.Release|x64.Build.0 = Release|Any CPU
		{02FB6C3B-97FC-4019-B873-3AA0F0FC5D6F}.Release|x86.ActiveCfg = Release|Any CPU
		{02FB6C3B-97FC-4019-B873-3AA0F0FC5D6F}.Release|x86.Build.0 = Release|Any CPU
		{BFE30B7B-C927-497D-8CB3-BC19CF3ACBD3}.Debug|Any CPU.ActiveCfg = Debug|Win32
		{BFE30B7B-C927-497D-8CB3-BC19CF3ACBD3}.Debug|ARM.ActiveCfg = Debug|ARM
		{BFE30B7B-C927-497D-8CB3-BC19CF3ACBD3}.Debug|ARM.Build.0 = Debug|ARM
		{BFE30B7B-C927-497D-8CB3-BC19CF3ACBD3}.Debug|ARM.Deploy.0 = Debug|ARM
		{BFE30B7B-C927-497D-8CB3-BC19CF3ACBD3}.Debug|ARM64.ActiveCfg = Debug|ARM64
		{BFE30B7B-C927-497D-8CB3-BC19CF3ACBD3}.Debug|ARM64.Build.0 = Debug|ARM64
		{BFE30B7B-C927-497D-8CB3-BC19CF3ACBD3}.Debug|ARM64.Deploy.0 = Debug|ARM64
		{BFE30B7B-C927-497D-8CB3-BC19CF3ACBD3}.Debug|x64.ActiveCfg = Debug|x64
		{BFE30B7B-C927-497D-8CB3-BC19CF3ACBD3}.Debug|x64.Build.0 = Debug|x64
		{BFE30B7B-C927-497D-8CB3-BC19CF3ACBD3}.Debug|x64.Deploy.0 = Debug|x64
		{BFE30B7B-C927-497D-8CB3-BC19CF3ACBD3}.Debug|x86.ActiveCfg = Debug|Win32
		{BFE30B7B-C927-497D-8CB3-BC19CF3ACBD3}.Debug|x86.Build.0 = Debug|Win32
		{BFE30B7B-C927-497D-8CB3-BC19CF3ACBD3}.Debug|x86.Deploy.0 = Debug|Win32
		{BFE30B7B-C927-497D-8CB3-BC19CF3ACBD3}.Release|Any CPU.ActiveCfg = Release|Win32
		{BFE30B7B-C927-497D-8CB3-BC19CF3ACBD3}.Release|ARM.ActiveCfg = Release|ARM
		{BFE30B7B-C927-497D-8CB3-BC19CF3ACBD3}.Release|ARM.Build.0 = Release|ARM
		{BFE30B7B-C927-497D-8CB3-BC19CF3ACBD3}.Release|ARM.Deploy.0 = Release|ARM
		{BFE30B7B-C927-497D-8CB3-BC19CF3ACBD3}.Release|ARM64.ActiveCfg = Release|ARM64
		{BFE30B7B-C927-497D-8CB3-BC19CF3ACBD3}.Release|ARM64.Build.0 = Release|ARM64
		{BFE30B7B-C927-497D-8CB3-BC19CF3ACBD3}.Release|ARM64.Deploy.0 = Release|ARM64
		{BFE30B7B-C927-497D-8CB3-BC19CF3ACBD3}.Release|x64.ActiveCfg = Release|x64
		{BFE30B7B-C927-497D-8CB3-BC19CF3ACBD3}.Release|x64.Build.0 = Release|x64
		{BFE30B7B-C927-497D-8CB3-BC19CF3ACBD3}.Release|x64.Deploy.0 = Release|x64
		{BFE30B7B-C927-497D-8CB3-BC19CF3ACBD3}.Release|x86.ActiveCfg = Release|Win32
		{BFE30B7B-C927-497D-8CB3-BC19CF3ACBD3}.Release|x86.Build.0 = Release|Win32
		{BFE30B7B-C927-497D-8CB3-BC19CF3ACBD3}.Release|x86.Deploy.0 = Release|Win32
		{E5251AF7-4861-4222-8F91-3B3DDB35DB0F}.Debug|Any CPU.ActiveCfg = Debug|Any CPU
		{E5251AF7-4861-4222-8F91-3B3DDB35DB0F}.Debug|Any CPU.Build.0 = Debug|Any CPU
		{E5251AF7-4861-4222-8F91-3B3DDB35DB0F}.Debug|ARM.ActiveCfg = Debug|Any CPU
		{E5251AF7-4861-4222-8F91-3B3DDB35DB0F}.Debug|ARM.Build.0 = Debug|Any CPU
		{E5251AF7-4861-4222-8F91-3B3DDB35DB0F}.Debug|ARM64.ActiveCfg = Debug|Any CPU
		{E5251AF7-4861-4222-8F91-3B3DDB35DB0F}.Debug|ARM64.Build.0 = Debug|Any CPU
		{E5251AF7-4861-4222-8F91-3B3DDB35DB0F}.Debug|x64.ActiveCfg = Debug|Any CPU
		{E5251AF7-4861-4222-8F91-3B3DDB35DB0F}.Debug|x64.Build.0 = Debug|Any CPU
		{E5251AF7-4861-4222-8F91-3B3DDB35DB0F}.Debug|x86.ActiveCfg = Debug|Any CPU
		{E5251AF7-4861-4222-8F91-3B3DDB35DB0F}.Debug|x86.Build.0 = Debug|Any CPU
		{E5251AF7-4861-4222-8F91-3B3DDB35DB0F}.Release|Any CPU.ActiveCfg = Release|Any CPU
		{E5251AF7-4861-4222-8F91-3B3DDB35DB0F}.Release|Any CPU.Build.0 = Release|Any CPU
		{E5251AF7-4861-4222-8F91-3B3DDB35DB0F}.Release|ARM.ActiveCfg = Release|Any CPU
		{E5251AF7-4861-4222-8F91-3B3DDB35DB0F}.Release|ARM.Build.0 = Release|Any CPU
		{E5251AF7-4861-4222-8F91-3B3DDB35DB0F}.Release|ARM64.ActiveCfg = Release|Any CPU
		{E5251AF7-4861-4222-8F91-3B3DDB35DB0F}.Release|ARM64.Build.0 = Release|Any CPU
		{E5251AF7-4861-4222-8F91-3B3DDB35DB0F}.Release|x64.ActiveCfg = Release|Any CPU
		{E5251AF7-4861-4222-8F91-3B3DDB35DB0F}.Release|x64.Build.0 = Release|Any CPU
		{E5251AF7-4861-4222-8F91-3B3DDB35DB0F}.Release|x86.ActiveCfg = Release|Any CPU
		{E5251AF7-4861-4222-8F91-3B3DDB35DB0F}.Release|x86.Build.0 = Release|Any CPU
		{4DBD27B1-F73B-4DA9-B17E-0C3211B09F28}.Debug|Any CPU.ActiveCfg = Debug|Any CPU
		{4DBD27B1-F73B-4DA9-B17E-0C3211B09F28}.Debug|Any CPU.Build.0 = Debug|Any CPU
		{4DBD27B1-F73B-4DA9-B17E-0C3211B09F28}.Debug|ARM.ActiveCfg = Debug|Any CPU
		{4DBD27B1-F73B-4DA9-B17E-0C3211B09F28}.Debug|ARM.Build.0 = Debug|Any CPU
		{4DBD27B1-F73B-4DA9-B17E-0C3211B09F28}.Debug|ARM64.ActiveCfg = Debug|Any CPU
		{4DBD27B1-F73B-4DA9-B17E-0C3211B09F28}.Debug|ARM64.Build.0 = Debug|Any CPU
		{4DBD27B1-F73B-4DA9-B17E-0C3211B09F28}.Debug|x64.ActiveCfg = Debug|Any CPU
		{4DBD27B1-F73B-4DA9-B17E-0C3211B09F28}.Debug|x64.Build.0 = Debug|Any CPU
		{4DBD27B1-F73B-4DA9-B17E-0C3211B09F28}.Debug|x86.ActiveCfg = Debug|Any CPU
		{4DBD27B1-F73B-4DA9-B17E-0C3211B09F28}.Debug|x86.Build.0 = Debug|Any CPU
		{4DBD27B1-F73B-4DA9-B17E-0C3211B09F28}.Release|Any CPU.ActiveCfg = Release|Any CPU
		{4DBD27B1-F73B-4DA9-B17E-0C3211B09F28}.Release|Any CPU.Build.0 = Release|Any CPU
		{4DBD27B1-F73B-4DA9-B17E-0C3211B09F28}.Release|ARM.ActiveCfg = Release|Any CPU
		{4DBD27B1-F73B-4DA9-B17E-0C3211B09F28}.Release|ARM.Build.0 = Release|Any CPU
		{4DBD27B1-F73B-4DA9-B17E-0C3211B09F28}.Release|ARM64.ActiveCfg = Release|Any CPU
		{4DBD27B1-F73B-4DA9-B17E-0C3211B09F28}.Release|ARM64.Build.0 = Release|Any CPU
		{4DBD27B1-F73B-4DA9-B17E-0C3211B09F28}.Release|x64.ActiveCfg = Release|Any CPU
		{4DBD27B1-F73B-4DA9-B17E-0C3211B09F28}.Release|x64.Build.0 = Release|Any CPU
		{4DBD27B1-F73B-4DA9-B17E-0C3211B09F28}.Release|x86.ActiveCfg = Release|Any CPU
		{4DBD27B1-F73B-4DA9-B17E-0C3211B09F28}.Release|x86.Build.0 = Release|Any CPU
		{B411DB85-F4F6-4B24-BB78-FF4C841A4672}.Debug|Any CPU.ActiveCfg = Debug|Win32
		{B411DB85-F4F6-4B24-BB78-FF4C841A4672}.Debug|ARM.ActiveCfg = Debug|Win32
		{B411DB85-F4F6-4B24-BB78-FF4C841A4672}.Debug|ARM64.ActiveCfg = Debug|Win32
		{B411DB85-F4F6-4B24-BB78-FF4C841A4672}.Debug|x64.ActiveCfg = Debug|x64
		{B411DB85-F4F6-4B24-BB78-FF4C841A4672}.Debug|x64.Build.0 = Debug|x64
		{B411DB85-F4F6-4B24-BB78-FF4C841A4672}.Debug|x86.ActiveCfg = Debug|Win32
		{B411DB85-F4F6-4B24-BB78-FF4C841A4672}.Debug|x86.Build.0 = Debug|Win32
		{B411DB85-F4F6-4B24-BB78-FF4C841A4672}.Release|Any CPU.ActiveCfg = Release|Win32
		{B411DB85-F4F6-4B24-BB78-FF4C841A4672}.Release|ARM.ActiveCfg = Release|Win32
		{B411DB85-F4F6-4B24-BB78-FF4C841A4672}.Release|ARM64.ActiveCfg = Release|Win32
		{B411DB85-F4F6-4B24-BB78-FF4C841A4672}.Release|x64.ActiveCfg = Release|x64
		{B411DB85-F4F6-4B24-BB78-FF4C841A4672}.Release|x64.Build.0 = Release|x64
		{B411DB85-F4F6-4B24-BB78-FF4C841A4672}.Release|x86.ActiveCfg = Release|Win32
		{B411DB85-F4F6-4B24-BB78-FF4C841A4672}.Release|x86.Build.0 = Release|Win32
		{E7053B94-0383-4991-90AE-1100C3F361E4}.Debug|Any CPU.ActiveCfg = Debug|Win32
		{E7053B94-0383-4991-90AE-1100C3F361E4}.Debug|ARM.ActiveCfg = Debug|Win32
		{E7053B94-0383-4991-90AE-1100C3F361E4}.Debug|ARM64.ActiveCfg = Debug|Win32
		{E7053B94-0383-4991-90AE-1100C3F361E4}.Debug|x64.ActiveCfg = Debug|x64
		{E7053B94-0383-4991-90AE-1100C3F361E4}.Debug|x64.Build.0 = Debug|x64
		{E7053B94-0383-4991-90AE-1100C3F361E4}.Debug|x86.ActiveCfg = Debug|Win32
		{E7053B94-0383-4991-90AE-1100C3F361E4}.Debug|x86.Build.0 = Debug|Win32
		{E7053B94-0383-4991-90AE-1100C3F361E4}.Release|Any CPU.ActiveCfg = Release|Win32
		{E7053B94-0383-4991-90AE-1100C3F361E4}.Release|ARM.ActiveCfg = Release|Win32
		{E7053B94-0383-4991-90AE-1100C3F361E4}.Release|ARM64.ActiveCfg = Release|Win32
		{E7053B94-0383-4991-90AE-1100C3F361E4}.Release|x64.ActiveCfg = Release|x64
		{E7053B94-0383-4991-90AE-1100C3F361E4}.Release|x64.Build.0 = Release|x64
		{E7053B94-0383-4991-90AE-1100C3F361E4}.Release|x86.ActiveCfg = Release|Win32
		{E7053B94-0383-4991-90AE-1100C3F361E4}.Release|x86.Build.0 = Release|Win32
		{F4E1893E-8EA8-41D8-83CC-12B32FBA80C7}.Debug|Any CPU.ActiveCfg = Debug|Any CPU
		{F4E1893E-8EA8-41D8-83CC-12B32FBA80C7}.Debug|Any CPU.Build.0 = Debug|Any CPU
		{F4E1893E-8EA8-41D8-83CC-12B32FBA80C7}.Debug|ARM.ActiveCfg = Debug|Any CPU
		{F4E1893E-8EA8-41D8-83CC-12B32FBA80C7}.Debug|ARM.Build.0 = Debug|Any CPU
		{F4E1893E-8EA8-41D8-83CC-12B32FBA80C7}.Debug|ARM64.ActiveCfg = Debug|Any CPU
		{F4E1893E-8EA8-41D8-83CC-12B32FBA80C7}.Debug|ARM64.Build.0 = Debug|Any CPU
		{F4E1893E-8EA8-41D8-83CC-12B32FBA80C7}.Debug|x64.ActiveCfg = Debug|Any CPU
		{F4E1893E-8EA8-41D8-83CC-12B32FBA80C7}.Debug|x64.Build.0 = Debug|Any CPU
		{F4E1893E-8EA8-41D8-83CC-12B32FBA80C7}.Debug|x86.ActiveCfg = Debug|Any CPU
		{F4E1893E-8EA8-41D8-83CC-12B32FBA80C7}.Debug|x86.Build.0 = Debug|Any CPU
		{F4E1893E-8EA8-41D8-83CC-12B32FBA80C7}.Release|Any CPU.ActiveCfg = Release|Any CPU
		{F4E1893E-8EA8-41D8-83CC-12B32FBA80C7}.Release|Any CPU.Build.0 = Release|Any CPU
		{F4E1893E-8EA8-41D8-83CC-12B32FBA80C7}.Release|ARM.ActiveCfg = Release|Any CPU
		{F4E1893E-8EA8-41D8-83CC-12B32FBA80C7}.Release|ARM.Build.0 = Release|Any CPU
		{F4E1893E-8EA8-41D8-83CC-12B32FBA80C7}.Release|ARM64.ActiveCfg = Release|Any CPU
		{F4E1893E-8EA8-41D8-83CC-12B32FBA80C7}.Release|ARM64.Build.0 = Release|Any CPU
		{F4E1893E-8EA8-41D8-83CC-12B32FBA80C7}.Release|x64.ActiveCfg = Release|Any CPU
		{F4E1893E-8EA8-41D8-83CC-12B32FBA80C7}.Release|x64.Build.0 = Release|Any CPU
		{F4E1893E-8EA8-41D8-83CC-12B32FBA80C7}.Release|x86.ActiveCfg = Release|Any CPU
		{F4E1893E-8EA8-41D8-83CC-12B32FBA80C7}.Release|x86.Build.0 = Release|Any CPU
	EndGlobalSection
	GlobalSection(SolutionProperties) = preSolution
		HideSolutionNode = FALSE
	EndGlobalSection
	GlobalSection(NestedProjects) = preSolution
		{992EAF5E-4D3D-4CF4-B4FA-2425A888EC56} = {8FCD9536-1509-4973-9804-C8D2B89EBB46}
		{5B76DBAE-6636-41F9-A983-E3214D6C9398} = {8FCD9536-1509-4973-9804-C8D2B89EBB46}
		{BBC0705F-1645-47FB-B7CC-3892391FA54E} = {5B76DBAE-6636-41F9-A983-E3214D6C9398}
		{9E0AD7AC-CBB7-4A12-A2E7-5EBD1D10DC6D} = {992EAF5E-4D3D-4CF4-B4FA-2425A888EC56}
		{7227DB35-883A-4EF0-B083-1698CFEF85A3} = {536B1D20-E5BE-4196-A1C3-24D2315D2B8F}
		{CB35D9AC-AD35-4381-ADA4-84378289F086} = {1CB5828D-8A47-45EC-AFEC-F95B2E7A485C}
		{02FB6C3B-97FC-4019-B873-3AA0F0FC5D6F} = {9B77ACE7-03F9-49B1-A935-9B6946CECCE3}
		{BFE30B7B-C927-497D-8CB3-BC19CF3ACBD3} = {536B1D20-E5BE-4196-A1C3-24D2315D2B8F}
		{9B77ACE7-03F9-49B1-A935-9B6946CECCE3} = {9A21FA52-834F-4F06-AFB7-A3F7432A7753}
		{1CB5828D-8A47-45EC-AFEC-F95B2E7A485C} = {9A21FA52-834F-4F06-AFB7-A3F7432A7753}
		{E5251AF7-4861-4222-8F91-3B3DDB35DB0F} = {992EAF5E-4D3D-4CF4-B4FA-2425A888EC56}
		{4DBD27B1-F73B-4DA9-B17E-0C3211B09F28} = {9B77ACE7-03F9-49B1-A935-9B6946CECCE3}
		{B411DB85-F4F6-4B24-BB78-FF4C841A4672} = {5B76DBAE-6636-41F9-A983-E3214D6C9398}
		{E7053B94-0383-4991-90AE-1100C3F361E4} = {1CB5828D-8A47-45EC-AFEC-F95B2E7A485C}
		{F4E1893E-8EA8-41D8-83CC-12B32FBA80C7} = {9B77ACE7-03F9-49B1-A935-9B6946CECCE3}
	EndGlobalSection
	GlobalSection(ExtensibilityGlobals) = postSolution
		SolutionGuid = {FA8DED41-C440-4B58-9F64-AB91AF81624D}
	EndGlobalSection
EndGlobal
